// !$*UTF8*$!
{
	archiveVersion = 1;
	classes = {
	};
	objectVersion = 56;
	objects = {

/* Begin PBXBuildFile section */
		D02AD0F02BE4810A00CF3F25 /* connectWatchApp.swift in Sources */ = {isa = PBXBuildFile; fileRef = D02AD0EF2BE4810A00CF3F25 /* connectWatchApp.swift */; };
		D02AD0F22BE4810A00CF3F25 /* ContentView.swift in Sources */ = {isa = PBXBuildFile; fileRef = D02AD0F12BE4810A00CF3F25 /* ContentView.swift */; };
		D02AD0F42BE4810B00CF3F25 /* Assets.xcassets in Resources */ = {isa = PBXBuildFile; fileRef = D02AD0F32BE4810B00CF3F25 /* Assets.xcassets */; };
		D02AD0F72BE4810B00CF3F25 /* Preview Assets.xcassets in Resources */ = {isa = PBXBuildFile; fileRef = D02AD0F62BE4810B00CF3F25 /* Preview Assets.xcassets */; };
		D02AD1072BE4938300CF3F25 /* AppleWatchApp.swift in Sources */ = {isa = PBXBuildFile; fileRef = D02AD1062BE4938300CF3F25 /* AppleWatchApp.swift */; };
		D02AD1092BE4938300CF3F25 /* ContentView.swift in Sources */ = {isa = PBXBuildFile; fileRef = D02AD1082BE4938300CF3F25 /* ContentView.swift */; };
		D02AD10B2BE4938500CF3F25 /* Assets.xcassets in Resources */ = {isa = PBXBuildFile; fileRef = D02AD10A2BE4938500CF3F25 /* Assets.xcassets */; };
		D02AD10E2BE4938500CF3F25 /* Preview Assets.xcassets in Resources */ = {isa = PBXBuildFile; fileRef = D02AD10D2BE4938500CF3F25 /* Preview Assets.xcassets */; };
		D02AD1112BE4938500CF3F25 /* AppleWatch Watch App.app in Embed Watch Content */ = {isa = PBXBuildFile; fileRef = D02AD1042BE4938300CF3F25 /* AppleWatch Watch App.app */; settings = {ATTRIBUTES = (RemoveHeadersOnCopy, ); }; };
/* End PBXBuildFile section */

/* Begin PBXContainerItemProxy section */
		D02AD10F2BE4938500CF3F25 /* PBXContainerItemProxy */ = {
			isa = PBXContainerItemProxy;
			containerPortal = D02AD0E42BE4810A00CF3F25 /* Project object */;
			proxyType = 1;
			remoteGlobalIDString = D02AD1032BE4938300CF3F25;
			remoteInfo = "AppleWatch Watch App";
		};
/* End PBXContainerItemProxy section */

/* Begin PBXCopyFilesBuildPhase section */
		D02AD1152BE4938500CF3F25 /* Embed Watch Content */ = {
			isa = PBXCopyFilesBuildPhase;
			buildActionMask = 2147483647;
			dstPath = "$(CONTENTS_FOLDER_PATH)/Watch";
			dstSubfolderSpec = 16;
			files = (
				D02AD1112BE4938500CF3F25 /* AppleWatch Watch App.app in Embed Watch Content */,
			);
			name = "Embed Watch Content";
			runOnlyForDeploymentPostprocessing = 0;
		};
/* End PBXCopyFilesBuildPhase section */

/* Begin PBXFileReference section */
		D02AD0EC2BE4810A00CF3F25 /* connectWatch.app */ = {isa = PBXFileReference; explicitFileType = wrapper.application; includeInIndex = 0; path = connectWatch.app; sourceTree = BUILT_PRODUCTS_DIR; };
		D02AD0EF2BE4810A00CF3F25 /* connectWatchApp.swift */ = {isa = PBXFileReference; lastKnownFileType = sourcecode.swift; path = connectWatchApp.swift; sourceTree = "<group>"; };
		D02AD0F12BE4810A00CF3F25 /* ContentView.swift */ = {isa = PBXFileReference; lastKnownFileType = sourcecode.swift; path = ContentView.swift; sourceTree = "<group>"; };
		D02AD0F32BE4810B00CF3F25 /* Assets.xcassets */ = {isa = PBXFileReference; lastKnownFileType = folder.assetcatalog; path = Assets.xcassets; sourceTree = "<group>"; };
		D02AD0F62BE4810B00CF3F25 /* Preview Assets.xcassets */ = {isa = PBXFileReference; lastKnownFileType = folder.assetcatalog; path = "Preview Assets.xcassets"; sourceTree = "<group>"; };
		D02AD1042BE4938300CF3F25 /* AppleWatch Watch App.app */ = {isa = PBXFileReference; explicitFileType = wrapper.application; includeInIndex = 0; path = "AppleWatch Watch App.app"; sourceTree = BUILT_PRODUCTS_DIR; };
		D02AD1062BE4938300CF3F25 /* AppleWatchApp.swift */ = {isa = PBXFileReference; lastKnownFileType = sourcecode.swift; path = AppleWatchApp.swift; sourceTree = "<group>"; };
		D02AD1082BE4938300CF3F25 /* ContentView.swift */ = {isa = PBXFileReference; lastKnownFileType = sourcecode.swift; path = ContentView.swift; sourceTree = "<group>"; };
		D02AD10A2BE4938500CF3F25 /* Assets.xcassets */ = {isa = PBXFileReference; lastKnownFileType = folder.assetcatalog; path = Assets.xcassets; sourceTree = "<group>"; };
		D02AD10D2BE4938500CF3F25 /* Preview Assets.xcassets */ = {isa = PBXFileReference; lastKnownFileType = folder.assetcatalog; path = "Preview Assets.xcassets"; sourceTree = "<group>"; };
/* End PBXFileReference section */

/* Begin PBXFrameworksBuildPhase section */
		D02AD0E92BE4810A00CF3F25 /* Frameworks */ = {
			isa = PBXFrameworksBuildPhase;
			buildActionMask = 2147483647;
			files = (
			);
			runOnlyForDeploymentPostprocessing = 0;
		};
		D02AD1012BE4938300CF3F25 /* Frameworks */ = {
			isa = PBXFrameworksBuildPhase;
			buildActionMask = 2147483647;
			files = (
			);
			runOnlyForDeploymentPostprocessing = 0;
		};
/* End PBXFrameworksBuildPhase section */

/* Begin PBXGroup section */
		D02AD0E32BE4810A00CF3F25 = {
			isa = PBXGroup;
			children = (
				D02AD0EE2BE4810A00CF3F25 /* connectWatch */,
				D02AD1052BE4938300CF3F25 /* AppleWatch Watch App */,
				D02AD0ED2BE4810A00CF3F25 /* Products */,
			);
			sourceTree = "<group>";
		};
		D02AD0ED2BE4810A00CF3F25 /* Products */ = {
			isa = PBXGroup;
			children = (
				D02AD0EC2BE4810A00CF3F25 /* connectWatch.app */,
				D02AD1042BE4938300CF3F25 /* AppleWatch Watch App.app */,
			);
			name = Products;
			sourceTree = "<group>";
		};
		D02AD0EE2BE4810A00CF3F25 /* connectWatch */ = {
			isa = PBXGroup;
			children = (
				D02AD0EF2BE4810A00CF3F25 /* connectWatchApp.swift */,
				D02AD0F12BE4810A00CF3F25 /* ContentView.swift */,
				D02AD0F32BE4810B00CF3F25 /* Assets.xcassets */,
				D02AD0F52BE4810B00CF3F25 /* Preview Content */,
			);
			path = connectWatch;
			sourceTree = "<group>";
		};
		D02AD0F52BE4810B00CF3F25 /* Preview Content */ = {
			isa = PBXGroup;
			children = (
				D02AD0F62BE4810B00CF3F25 /* Preview Assets.xcassets */,
			);
			path = "Preview Content";
			sourceTree = "<group>";
		};
		D02AD1052BE4938300CF3F25 /* AppleWatch Watch App */ = {
			isa = PBXGroup;
			children = (
				D02AD1062BE4938300CF3F25 /* AppleWatchApp.swift */,
				D02AD1082BE4938300CF3F25 /* ContentView.swift */,
				D02AD10A2BE4938500CF3F25 /* Assets.xcassets */,
				D02AD10C2BE4938500CF3F25 /* Preview Content */,
			);
			path = "AppleWatch Watch App";
			sourceTree = "<group>";
		};
		D02AD10C2BE4938500CF3F25 /* Preview Content */ = {
			isa = PBXGroup;
			children = (
				D02AD10D2BE4938500CF3F25 /* Preview Assets.xcassets */,
			);
			path = "Preview Content";
			sourceTree = "<group>";
		};
/* End PBXGroup section */

/* Begin PBXNativeTarget section */
		D02AD0EB2BE4810A00CF3F25 /* connectWatch */ = {
			isa = PBXNativeTarget;
			buildConfigurationList = D02AD0FA2BE4810B00CF3F25 /* Build configuration list for PBXNativeTarget "connectWatch" */;
			buildPhases = (
				D02AD0E82BE4810A00CF3F25 /* Sources */,
				D02AD0E92BE4810A00CF3F25 /* Frameworks */,
				D02AD0EA2BE4810A00CF3F25 /* Resources */,
				D02AD1152BE4938500CF3F25 /* Embed Watch Content */,
			);
			buildRules = (
			);
			dependencies = (
				D02AD1102BE4938500CF3F25 /* PBXTargetDependency */,
			);
			name = connectWatch;
			productName = connectWatch;
			productReference = D02AD0EC2BE4810A00CF3F25 /* connectWatch.app */;
			productType = "com.apple.product-type.application";
		};
		D02AD1032BE4938300CF3F25 /* AppleWatch Watch App */ = {
			isa = PBXNativeTarget;
			buildConfigurationList = D02AD1122BE4938500CF3F25 /* Build configuration list for PBXNativeTarget "AppleWatch Watch App" */;
			buildPhases = (
				D02AD1002BE4938300CF3F25 /* Sources */,
				D02AD1012BE4938300CF3F25 /* Frameworks */,
				D02AD1022BE4938300CF3F25 /* Resources */,
			);
			buildRules = (
			);
			dependencies = (
			);
			name = "AppleWatch Watch App";
			productName = "AppleWatch Watch App";
			productReference = D02AD1042BE4938300CF3F25 /* AppleWatch Watch App.app */;
			productType = "com.apple.product-type.application";
		};
/* End PBXNativeTarget section */

/* Begin PBXProject section */
		D02AD0E42BE4810A00CF3F25 /* Project object */ = {
			isa = PBXProject;
			attributes = {
				BuildIndependentTargetsInParallel = 1;
				LastSwiftUpdateCheck = 1530;
				LastUpgradeCheck = 1530;
				TargetAttributes = {
					D02AD0EB2BE4810A00CF3F25 = {
						CreatedOnToolsVersion = 15.3;
					};
					D02AD1032BE4938300CF3F25 = {
						CreatedOnToolsVersion = 15.3;
					};
				};
			};
			buildConfigurationList = D02AD0E72BE4810A00CF3F25 /* Build configuration list for PBXProject "connectWatch" */;
			compatibilityVersion = "Xcode 14.0";
			developmentRegion = en;
			hasScannedForEncodings = 0;
			knownRegions = (
				en,
				Base,
			);
			mainGroup = D02AD0E32BE4810A00CF3F25;
			productRefGroup = D02AD0ED2BE4810A00CF3F25 /* Products */;
			projectDirPath = "";
			projectRoot = "";
			targets = (
				D02AD0EB2BE4810A00CF3F25 /* connectWatch */,
				D02AD1032BE4938300CF3F25 /* AppleWatch Watch App */,
			);
		};
/* End PBXProject section */

/* Begin PBXResourcesBuildPhase section */
		D02AD0EA2BE4810A00CF3F25 /* Resources */ = {
			isa = PBXResourcesBuildPhase;
			buildActionMask = 2147483647;
			files = (
				D02AD0F72BE4810B00CF3F25 /* Preview Assets.xcassets in Resources */,
				D02AD0F42BE4810B00CF3F25 /* Assets.xcassets in Resources */,
			);
			runOnlyForDeploymentPostprocessing = 0;
		};
		D02AD1022BE4938300CF3F25 /* Resources */ = {
			isa = PBXResourcesBuildPhase;
			buildActionMask = 2147483647;
			files = (
				D02AD10E2BE4938500CF3F25 /* Preview Assets.xcassets in Resources */,
				D02AD10B2BE4938500CF3F25 /* Assets.xcassets in Resources */,
			);
			runOnlyForDeploymentPostprocessing = 0;
		};
/* End PBXResourcesBuildPhase section */

/* Begin PBXSourcesBuildPhase section */
		D02AD0E82BE4810A00CF3F25 /* Sources */ = {
			isa = PBXSourcesBuildPhase;
			buildActionMask = 2147483647;
			files = (
				D02AD0F22BE4810A00CF3F25 /* ContentView.swift in Sources */,
				D02AD0F02BE4810A00CF3F25 /* connectWatchApp.swift in Sources */,
			);
			runOnlyForDeploymentPostprocessing = 0;
		};
		D02AD1002BE4938300CF3F25 /* Sources */ = {
			isa = PBXSourcesBuildPhase;
			buildActionMask = 2147483647;
			files = (
				D02AD1092BE4938300CF3F25 /* ContentView.swift in Sources */,
				D02AD1072BE4938300CF3F25 /* AppleWatchApp.swift in Sources */,
			);
			runOnlyForDeploymentPostprocessing = 0;
		};
/* End PBXSourcesBuildPhase section */

/* Begin PBXTargetDependency section */
		D02AD1102BE4938500CF3F25 /* PBXTargetDependency */ = {
			isa = PBXTargetDependency;
			target = D02AD1032BE4938300CF3F25 /* AppleWatch Watch App */;
			targetProxy = D02AD10F2BE4938500CF3F25 /* PBXContainerItemProxy */;
		};
/* End PBXTargetDependency section */

/* Begin XCBuildConfiguration section */
		D02AD0F82BE4810B00CF3F25 /* Debug */ = {
			isa = XCBuildConfiguration;
			buildSettings = {
				ALWAYS_SEARCH_USER_PATHS = NO;
				ASSETCATALOG_COMPILER_GENERATE_SWIFT_ASSET_SYMBOL_EXTENSIONS = YES;
				CLANG_ANALYZER_NONNULL = YES;
				CLANG_ANALYZER_NUMBER_OBJECT_CONVERSION = YES_AGGRESSIVE;
				CLANG_CXX_LANGUAGE_STANDARD = "gnu++20";
				CLANG_ENABLE_MODULES = YES;
				CLANG_ENABLE_OBJC_ARC = YES;
				CLANG_ENABLE_OBJC_WEAK = YES;
				CLANG_WARN_BLOCK_CAPTURE_AUTORELEASING = YES;
				CLANG_WARN_BOOL_CONVERSION = YES;
				CLANG_WARN_COMMA = YES;
				CLANG_WARN_CONSTANT_CONVERSION = YES;
				CLANG_WARN_DEPRECATED_OBJC_IMPLEMENTATIONS = YES;
				CLANG_WARN_DIRECT_OBJC_ISA_USAGE = YES_ERROR;
				CLANG_WARN_DOCUMENTATION_COMMENTS = YES;
				CLANG_WARN_EMPTY_BODY = YES;
				CLANG_WARN_ENUM_CONVERSION = YES;
				CLANG_WARN_INFINITE_RECURSION = YES;
				CLANG_WARN_INT_CONVERSION = YES;
				CLANG_WARN_NON_LITERAL_NULL_CONVERSION = YES;
				CLANG_WARN_OBJC_IMPLICIT_RETAIN_SELF = YES;
				CLANG_WARN_OBJC_LITERAL_CONVERSION = YES;
				CLANG_WARN_OBJC_ROOT_CLASS = YES_ERROR;
				CLANG_WARN_QUOTED_INCLUDE_IN_FRAMEWORK_HEADER = YES;
				CLANG_WARN_RANGE_LOOP_ANALYSIS = YES;
				CLANG_WARN_STRICT_PROTOTYPES = YES;
				CLANG_WARN_SUSPICIOUS_MOVE = YES;
				CLANG_WARN_UNGUARDED_AVAILABILITY = YES_AGGRESSIVE;
				CLANG_WARN_UNREACHABLE_CODE = YES;
				CLANG_WARN__DUPLICATE_METHOD_MATCH = YES;
				COPY_PHASE_STRIP = NO;
				DEBUG_INFORMATION_FORMAT = dwarf;
				ENABLE_STRICT_OBJC_MSGSEND = YES;
				ENABLE_TESTABILITY = YES;
				ENABLE_USER_SCRIPT_SANDBOXING = YES;
				GCC_C_LANGUAGE_STANDARD = gnu17;
				GCC_DYNAMIC_NO_PIC = NO;
				GCC_NO_COMMON_BLOCKS = YES;
				GCC_OPTIMIZATION_LEVEL = 0;
				GCC_PREPROCESSOR_DEFINITIONS = (
					"DEBUG=1",
					"$(inherited)",
				);
				GCC_WARN_64_TO_32_BIT_CONVERSION = YES;
				GCC_WARN_ABOUT_RETURN_TYPE = YES_ERROR;
				GCC_WARN_UNDECLARED_SELECTOR = YES;
				GCC_WARN_UNINITIALIZED_AUTOS = YES_AGGRESSIVE;
				GCC_WARN_UNUSED_FUNCTION = YES;
				GCC_WARN_UNUSED_VARIABLE = YES;
				IPHONEOS_DEPLOYMENT_TARGET = 17.4;
				LOCALIZATION_PREFERS_STRING_CATALOGS = YES;
				MTL_ENABLE_DEBUG_INFO = INCLUDE_SOURCE;
				MTL_FAST_MATH = YES;
				ONLY_ACTIVE_ARCH = YES;
				SDKROOT = iphoneos;
				SWIFT_ACTIVE_COMPILATION_CONDITIONS = "DEBUG $(inherited)";
				SWIFT_OPTIMIZATION_LEVEL = "-Onone";
			};
			name = Debug;
		};
		D02AD0F92BE4810B00CF3F25 /* Release */ = {
			isa = XCBuildConfiguration;
			buildSettings = {
				ALWAYS_SEARCH_USER_PATHS = NO;
				ASSETCATALOG_COMPILER_GENERATE_SWIFT_ASSET_SYMBOL_EXTENSIONS = YES;
				CLANG_ANALYZER_NONNULL = YES;
				CLANG_ANALYZER_NUMBER_OBJECT_CONVERSION = YES_AGGRESSIVE;
				CLANG_CXX_LANGUAGE_STANDARD = "gnu++20";
				CLANG_ENABLE_MODULES = YES;
				CLANG_ENABLE_OBJC_ARC = YES;
				CLANG_ENABLE_OBJC_WEAK = YES;
				CLANG_WARN_BLOCK_CAPTURE_AUTORELEASING = YES;
				CLANG_WARN_BOOL_CONVERSION = YES;
				CLANG_WARN_COMMA = YES;
				CLANG_WARN_CONSTANT_CONVERSION = YES;
				CLANG_WARN_DEPRECATED_OBJC_IMPLEMENTATIONS = YES;
				CLANG_WARN_DIRECT_OBJC_ISA_USAGE = YES_ERROR;
				CLANG_WARN_DOCUMENTATION_COMMENTS = YES;
				CLANG_WARN_EMPTY_BODY = YES;
				CLANG_WARN_ENUM_CONVERSION = YES;
				CLANG_WARN_INFINITE_RECURSION = YES;
				CLANG_WARN_INT_CONVERSION = YES;
				CLANG_WARN_NON_LITERAL_NULL_CONVERSION = YES;
				CLANG_WARN_OBJC_IMPLICIT_RETAIN_SELF = YES;
				CLANG_WARN_OBJC_LITERAL_CONVERSION = YES;
				CLANG_WARN_OBJC_ROOT_CLASS = YES_ERROR;
				CLANG_WARN_QUOTED_INCLUDE_IN_FRAMEWORK_HEADER = YES;
				CLANG_WARN_RANGE_LOOP_ANALYSIS = YES;
				CLANG_WARN_STRICT_PROTOTYPES = YES;
				CLANG_WARN_SUSPICIOUS_MOVE = YES;
				CLANG_WARN_UNGUARDED_AVAILABILITY = YES_AGGRESSIVE;
				CLANG_WARN_UNREACHABLE_CODE = YES;
				CLANG_WARN__DUPLICATE_METHOD_MATCH = YES;
				COPY_PHASE_STRIP = NO;
				DEBUG_INFORMATION_FORMAT = "dwarf-with-dsym";
				ENABLE_NS_ASSERTIONS = NO;
				ENABLE_STRICT_OBJC_MSGSEND = YES;
				ENABLE_USER_SCRIPT_SANDBOXING = YES;
				GCC_C_LANGUAGE_STANDARD = gnu17;
				GCC_NO_COMMON_BLOCKS = YES;
				GCC_WARN_64_TO_32_BIT_CONVERSION = YES;
				GCC_WARN_ABOUT_RETURN_TYPE = YES_ERROR;
				GCC_WARN_UNDECLARED_SELECTOR = YES;
				GCC_WARN_UNINITIALIZED_AUTOS = YES_AGGRESSIVE;
				GCC_WARN_UNUSED_FUNCTION = YES;
				GCC_WARN_UNUSED_VARIABLE = YES;
				IPHONEOS_DEPLOYMENT_TARGET = 17.4;
				LOCALIZATION_PREFERS_STRING_CATALOGS = YES;
				MTL_ENABLE_DEBUG_INFO = NO;
				MTL_FAST_MATH = YES;
				SDKROOT = iphoneos;
				SWIFT_COMPILATION_MODE = wholemodule;
				VALIDATE_PRODUCT = YES;
			};
			name = Release;
		};
		D02AD0FB2BE4810B00CF3F25 /* Debug */ = {
			isa = XCBuildConfiguration;
			buildSettings = {
				ALWAYS_EMBED_SWIFT_STANDARD_LIBRARIES = YES;
				ASSETCATALOG_COMPILER_APPICON_NAME = AppIcon;
				ASSETCATALOG_COMPILER_GLOBAL_ACCENT_COLOR_NAME = AccentColor;
				CODE_SIGN_STYLE = Automatic;
				CURRENT_PROJECT_VERSION = 1;
				DEVELOPMENT_ASSET_PATHS = "\"connectWatch/Preview Content\"";
				DEVELOPMENT_TEAM = CFVFXJGJ26;
				ENABLE_PREVIEWS = YES;
				GENERATE_INFOPLIST_FILE = YES;
				INFOPLIST_KEY_UIApplicationSceneManifest_Generation = YES;
				INFOPLIST_KEY_UIApplicationSupportsIndirectInputEvents = YES;
				INFOPLIST_KEY_UILaunchScreen_Generation = YES;
				INFOPLIST_KEY_UISupportedInterfaceOrientations_iPad = "UIInterfaceOrientationPortrait UIInterfaceOrientationPortraitUpsideDown UIInterfaceOrientationLandscapeLeft UIInterfaceOrientationLandscapeRight";
				INFOPLIST_KEY_UISupportedInterfaceOrientations_iPhone = "UIInterfaceOrientationPortrait UIInterfaceOrientationLandscapeLeft UIInterfaceOrientationLandscapeRight";
				LD_RUNPATH_SEARCH_PATHS = (
					"$(inherited)",
					"@executable_path/Frameworks",
				);
				MARKETING_VERSION = 1.0;
				PRODUCT_BUNDLE_IDENTIFIER = com.madan.connectWatch;
				PRODUCT_NAME = "$(TARGET_NAME)";
				SWIFT_EMIT_LOC_STRINGS = YES;
				SWIFT_VERSION = 5.0;
				TARGETED_DEVICE_FAMILY = "1,2";
			};
			name = Debug;
		};
		D02AD0FC2BE4810B00CF3F25 /* Release */ = {
			isa = XCBuildConfiguration;
			buildSettings = {
				ALWAYS_EMBED_SWIFT_STANDARD_LIBRARIES = YES;
				ASSETCATALOG_COMPILER_APPICON_NAME = AppIcon;
				ASSETCATALOG_COMPILER_GLOBAL_ACCENT_COLOR_NAME = AccentColor;
				CODE_SIGN_STYLE = Automatic;
				CURRENT_PROJECT_VERSION = 1;
				DEVELOPMENT_ASSET_PATHS = "\"connectWatch/Preview Content\"";
				DEVELOPMENT_TEAM = CFVFXJGJ26;
				ENABLE_PREVIEWS = YES;
				GENERATE_INFOPLIST_FILE = YES;
				INFOPLIST_KEY_UIApplicationSceneManifest_Generation = YES;
				INFOPLIST_KEY_UIApplicationSupportsIndirectInputEvents = YES;
				INFOPLIST_KEY_UILaunchScreen_Generation = YES;
				INFOPLIST_KEY_UISupportedInterfaceOrientations_iPad = "UIInterfaceOrientationPortrait UIInterfaceOrientationPortraitUpsideDown UIInterfaceOrientationLandscapeLeft UIInterfaceOrientationLandscapeRight";
				INFOPLIST_KEY_UISupportedInterfaceOrientations_iPhone = "UIInterfaceOrientationPortrait UIInterfaceOrientationLandscapeLeft UIInterfaceOrientationLandscapeRight";
				LD_RUNPATH_SEARCH_PATHS = (
					"$(inherited)",
					"@executable_path/Frameworks",
				);
				MARKETING_VERSION = 1.0;
				PRODUCT_BUNDLE_IDENTIFIER = com.madan.connectWatch;
				PRODUCT_NAME = "$(TARGET_NAME)";
				SWIFT_EMIT_LOC_STRINGS = YES;
				SWIFT_VERSION = 5.0;
				TARGETED_DEVICE_FAMILY = "1,2";
			};
			name = Release;
		};
		D02AD1132BE4938500CF3F25 /* Debug */ = {
			isa = XCBuildConfiguration;
			buildSettings = {
				ASSETCATALOG_COMPILER_APPICON_NAME = AppIcon;
				ASSETCATALOG_COMPILER_GLOBAL_ACCENT_COLOR_NAME = AccentColor;
				CODE_SIGN_STYLE = Automatic;
				CURRENT_PROJECT_VERSION = 1;
				DEVELOPMENT_ASSET_PATHS = "\"AppleWatch Watch App/Preview Content\"";
				DEVELOPMENT_TEAM = CFVFXJGJ26;
				ENABLE_PREVIEWS = YES;
				GENERATE_INFOPLIST_FILE = YES;
				INFOPLIST_KEY_CFBundleDisplayName = AppleWatch;
				INFOPLIST_KEY_UISupportedInterfaceOrientations = "UIInterfaceOrientationPortrait UIInterfaceOrientationPortraitUpsideDown";
				INFOPLIST_KEY_WKCompanionAppBundleIdentifier = com.madan.connectWatch;
				LD_RUNPATH_SEARCH_PATHS = (
					"$(inherited)",
					"@executable_path/Frameworks",
				);
				MARKETING_VERSION = 1.0;
				PRODUCT_BUNDLE_IDENTIFIER = com.madan.connectWatch.watchkitapp;
				PRODUCT_NAME = "$(TARGET_NAME)";
				SDKROOT = watchos;
				SKIP_INSTALL = YES;
				SWIFT_EMIT_LOC_STRINGS = YES;
				SWIFT_VERSION = 5.0;
				TARGETED_DEVICE_FAMILY = 4;
				WATCHOS_DEPLOYMENT_TARGET = 10.4;
			};
			name = Debug;
		};
		D02AD1142BE4938500CF3F25 /* Release */ = {
			isa = XCBuildConfiguration;
			buildSettings = {
				ASSETCATALOG_COMPILER_APPICON_NAME = AppIcon;
				ASSETCATALOG_COMPILER_GLOBAL_ACCENT_COLOR_NAME = AccentColor;
				CODE_SIGN_STYLE = Automatic;
				CURRENT_PROJECT_VERSION = 1;
				DEVELOPMENT_ASSET_PATHS = "\"AppleWatch Watch App/Preview Content\"";
				DEVELOPMENT_TEAM = CFVFXJGJ26;
				ENABLE_PREVIEWS = YES;
				GENERATE_INFOPLIST_FILE = YES;
				INFOPLIST_KEY_CFBundleDisplayName = AppleWatch;
				INFOPLIST_KEY_UISupportedInterfaceOrientations = "UIInterfaceOrientationPortrait UIInterfaceOrientationPortraitUpsideDown";
				INFOPLIST_KEY_WKCompanionAppBundleIdentifier = com.madan.connectWatch;
				LD_RUNPATH_SEARCH_PATHS = (
					"$(inherited)",
					"@executable_path/Frameworks",
				);
				MARKETING_VERSION = 1.0;
				PRODUCT_BUNDLE_IDENTIFIER = com.madan.connectWatch.watchkitapp;
				PRODUCT_NAME = "$(TARGET_NAME)";
				SDKROOT = watchos;
				SKIP_INSTALL = YES;
				SWIFT_EMIT_LOC_STRINGS = YES;
				SWIFT_VERSION = 5.0;
				TARGETED_DEVICE_FAMILY = 4;
				WATCHOS_DEPLOYMENT_TARGET = 10.4;
			};
			name = Release;
		};
/* End XCBuildConfiguration section */

/* Begin XCConfigurationList section */
		D02AD0E72BE4810A00CF3F25 /* Build configuration list for PBXProject "connectWatch" */ = {
			isa = XCConfigurationList;
			buildConfigurations = (
				D02AD0F82BE4810B00CF3F25 /* Debug */,
				D02AD0F92BE4810B00CF3F25 /* Release */,
			);
			defaultConfigurationIsVisible = 0;
			defaultConfigurationName = Release;
		};
		D02AD0FA2BE4810B00CF3F25 /* Build configuration list for PBXNativeTarget "connectWatch" */ = {
			isa = XCConfigurationList;
			buildConfigurations = (
				D02AD0FB2BE4810B00CF3F25 /* Debug */,
				D02AD0FC2BE4810B00CF3F25 /* Release */,
			);
			defaultConfigurationIsVisible = 0;
			defaultConfigurationName = Release;
		};
		D02AD1122BE4938500CF3F25 /* Build configuration list for PBXNativeTarget "AppleWatch Watch App" */ = {
			isa = XCConfigurationList;
			buildConfigurations = (
				D02AD1132BE4938500CF3F25 /* Debug */,
				D02AD1142BE4938500CF3F25 /* Release */,
			);
			defaultConfigurationIsVisible = 0;
			defaultConfigurationName = Release;
		};
/* End XCConfigurationList section */
	};
	rootObject = D02AD0E42BE4810A00CF3F25 /* Project object */;
}
